
Microsoft Visual Studio Solution File, Format Version 12.00
Project("{FAE04EC0-301F-11D3-BF4B-00C04F79EFBC}") = "Personal.Api", "Personal.Api\Personal.Api.csproj", "{2301B1C1-E092-4C41-B295-B210FD542F7B}"
EndProject
Project("{FAE04EC0-301F-11D3-BF4B-00C04F79EFBC}") = "Personal.Domain", "Personal.Domain\Personal.Domain.csproj", "{3669A579-0F86-4C34-BCBD-330C17E0918D}"
EndProject
Project("{2150E333-8FDC-42A3-9474-1A3956D46DE8}") = "Personal.Docker", "Personal.Docker", "{2B38FFF3-15E2-4CE2-8B23-6A50535E57B3}"
EndProject
Project("{2150E333-8FDC-42A3-9474-1A3956D46DE8}") = "postgres", "postgres", "{5B17A019-8450-42AF-9F65-D3448FD0540B}"
EndProject
Project("{FAE04EC0-301F-11D3-BF4B-00C04F79EFBC}") = "Personal.Db", "Personal.Db\Personal.Db.csproj", "{7DC78F7A-1E32-44CD-A3D8-00FFC2C7787B}"
EndProject
Project("{2150E333-8FDC-42A3-9474-1A3956D46DE8}") = "dotnet", "dotnet", "{054211D0-9B1F-4B37-A78E-7207F97E8926}"
EndProject
Project("{2150E333-8FDC-42A3-9474-1A3956D46DE8}") = "domain", "domain", "{AB4AD849-A156-42D9-BE96-71BF381F3557}"
EndProject
Project("{2150E333-8FDC-42A3-9474-1A3956D46DE8}") = "web", "web", "{0207DBF4-C0CC-4951-A96F-DF4D1BB397D1}"
EndProject
Project("{2150E333-8FDC-42A3-9474-1A3956D46DE8}") = "db", "db", "{D45D6DC6-7634-4A45-9427-22A6DC886128}"
EndProject
Global
	GlobalSection(SolutionConfigurationPlatforms) = preSolution
		Debug|Any CPU = Debug|Any CPU
		Release|Any CPU = Release|Any CPU
	EndGlobalSection
	GlobalSection(ProjectConfigurationPlatforms) = postSolution
		{2301B1C1-E092-4C41-B295-B210FD542F7B}.Debug|Any CPU.ActiveCfg = Debug|Any CPU
		{2301B1C1-E092-4C41-B295-B210FD542F7B}.Debug|Any CPU.Build.0 = Debug|Any CPU
		{2301B1C1-E092-4C41-B295-B210FD542F7B}.Release|Any CPU.ActiveCfg = Release|Any CPU
		{2301B1C1-E092-4C41-B295-B210FD542F7B}.Release|Any CPU.Build.0 = Release|Any CPU
		{3669A579-0F86-4C34-BCBD-330C17E0918D}.Debug|Any CPU.ActiveCfg = Debug|Any CPU
		{3669A579-0F86-4C34-BCBD-330C17E0918D}.Debug|Any CPU.Build.0 = Debug|Any CPU
		{3669A579-0F86-4C34-BCBD-330C17E0918D}.Release|Any CPU.ActiveCfg = Release|Any CPU
		{3669A579-0F86-4C34-BCBD-330C17E0918D}.Release|Any CPU.Build.0 = Release|Any CPU
		{7DC78F7A-1E32-44CD-A3D8-00FFC2C7787B}.Debug|Any CPU.ActiveCfg = Debug|Any CPU
		{7DC78F7A-1E32-44CD-A3D8-00FFC2C7787B}.Debug|Any CPU.Build.0 = Debug|Any CPU
		{7DC78F7A-1E32-44CD-A3D8-00FFC2C7787B}.Release|Any CPU.ActiveCfg = Release|Any CPU
		{7DC78F7A-1E32-44CD-A3D8-00FFC2C7787B}.Release|Any CPU.Build.0 = Release|Any CPU
	EndGlobalSection
	GlobalSection(NestedProjects) = preSolution
		{5B17A019-8450-42AF-9F65-D3448FD0540B} = {2B38FFF3-15E2-4CE2-8B23-6A50535E57B3}
		{054211D0-9B1F-4B37-A78E-7207F97E8926} = {2B38FFF3-15E2-4CE2-8B23-6A50535E57B3}
		{AB4AD849-A156-42D9-BE96-71BF381F3557} = {2B38FFF3-15E2-4CE2-8B23-6A50535E57B3}
		{0207DBF4-C0CC-4951-A96F-DF4D1BB397D1} = {2B38FFF3-15E2-4CE2-8B23-6A50535E57B3}
		{D45D6DC6-7634-4A45-9427-22A6DC886128} = {2B38FFF3-15E2-4CE2-8B23-6A50535E57B3}
	EndGlobalSection
EndGlobal
